
Microsoft Visual Studio Solution File, Format Version 12.00
# Visual Studio 15
VisualStudioVersion = 15.0.27428.2043
MinimumVisualStudioVersion = 10.0.40219.1
Project("{FAE04EC0-301F-11D3-BF4B-00C04F79EFBC}") = "BootstrapChart Bind from Grid", "BootstrapChart Bind from Grid\BootstrapChart Bind from Grid.csproj", "{916DFCB8-A80D-428B-B328-5D42803A6891}"
EndProject
Global
	GlobalSection(SolutionConfigurationPlatforms) = preSolution
		Debug|Any CPU = Debug|Any CPU
		Release|Any CPU = Release|Any CPU
	EndGlobalSection
	GlobalSection(ProjectConfigurationPlatforms) = postSolution
		{916DFCB8-A80D-428B-B328-5D42803A6891}.Debug|Any CPU.ActiveCfg = Debug|Any CPU
		{916DFCB8-A80D-428B-B328-5D42803A6891}.Debug|Any CPU.Build.0 = Debug|Any CPU
		{916DFCB8-A80D-428B-B328-5D42803A6891}.Release|Any CPU.ActiveCfg = Release|Any CPU
		{916DFCB8-A80D-428B-B328-5D42803A6891}.Release|Any CPU.Build.0 = Release|Any CPU
	EndGlobalSection
	GlobalSection(SolutionProperties) = preSolution
		HideSolutionNode = FALSE
	EndGlobalSection
	GlobalSection(ExtensibilityGlobals) = postSolution
		SolutionGuid = {E54D0DF2-3CB0-41C1-AFA2-5793F7088858}
	EndGlobalSection
EndGlobal
